
Microsoft Visual Studio Solution File, Format Version 12.00
# Visual Studio Version 17
VisualStudioVersion = 17.14.37012.4 d17.14
MinimumVisualStudioVersion = 10.0.40219.1
Project("{FAE04EC0-301F-11D3-BF4B-00C04F79EFBC}") = "FoodTrackerApp", "FoodTrackerApp\FoodTrackerApp.csproj", "{B45D7EFC-3521-4421-BDAD-BEA7212BCDA0}"
EndProject
Project("{FAE04EC0-301F-11D3-BF4B-00C04F79EFBC}") = "FoodTracker.Domain", "FoodTracker.Domain\FoodTracker.Domain.csproj", "{9D52CB46-E8E7-42F7-AB45-6265DA79DEB7}"
EndProject
Project("{FAE04EC0-301F-11D3-BF4B-00C04F79EFBC}") = "FoodTrackerApp.Tests", "FoodTrackerApp.Tests\FoodTrackerApp.Tests.csproj", "{82735959-3DE9-48B7-9249-057CFD02B0A0}"
EndProject
Global
	GlobalSection(SolutionConfigurationPlatforms) = preSolution
		Debug|Any CPU = Debug|Any CPU
		Release|Any CPU = Release|Any CPU
	EndGlobalSection
	GlobalSection(ProjectConfigurationPlatforms) = postSolution
		{B45D7EFC-3521-4421-BDAD-BEA7212BCDA0}.Debug|Any CPU.ActiveCfg = Debug|Any CPU
		{B45D7EFC-3521-4421-BDAD-BEA7212BCDA0}.Debug|Any CPU.Build.0 = Debug|Any CPU
		{B45D7EFC-3521-4421-BDAD-BEA7212BCDA0}.Release|Any CPU.ActiveCfg = Release|Any CPU
		{B45D7EFC-3521-4421-BDAD-BEA7212BCDA0}.Release|Any CPU.Build.0 = Release|Any CPU
		{9D52CB46-E8E7-42F7-AB45-6265DA79DEB7}.Debug|Any CPU.ActiveCfg = Debug|Any CPU
		{9D52CB46-E8E7-42F7-AB45-6265DA79DEB7}.Debug|Any CPU.Build.0 = Debug|Any CPU
		{9D52CB46-E8E7-42F7-AB45-6265DA79DEB7}.Release|Any CPU.ActiveCfg = Release|Any CPU
		{9D52CB46-E8E7-42F7-AB45-6265DA79DEB7}.Release|Any CPU.Build.0 = Release|Any CPU
		{82735959-3DE9-48B7-9249-057CFD02B0A0}.Debug|Any CPU.ActiveCfg = Debug|Any CPU
		{82735959-3DE9-48B7-9249-057CFD02B0A0}.Debug|Any CPU.Build.0 = Debug|Any CPU
		{82735959-3DE9-48B7-9249-057CFD02B0A0}.Release|Any CPU.ActiveCfg = Release|Any CPU
		{82735959-3DE9-48B7-9249-057CFD02B0A0}.Release|Any CPU.Build.0 = Release|Any CPU
	EndGlobalSection
	GlobalSection(SolutionProperties) = preSolution
		HideSolutionNode = FALSE
	EndGlobalSection
	GlobalSection(ExtensibilityGlobals) = postSolution
		SolutionGuid = {847C0A50-EDB6-44B8-A401-A6E83B12FDB2}
	EndGlobalSection
EndGlobal
